
Microsoft Visual Studio Solution File, Format Version 12.00
# Visual Studio Version 16
VisualStudioVersion = 16.0.29311.281
MinimumVisualStudioVersion = 10.0.40219.1
Project("{FAE04EC0-301F-11D3-BF4B-00C04F79EFBC}") = "QrCodeMobileApp.Android", "QrCodeMobileApp.Android\QrCodeMobileApp.Android.csproj", "{13517DCF-4E63-4CC8-9FDD-B3B5CB731FCE}"
EndProject
Project("{FAE04EC0-301F-11D3-BF4B-00C04F79EFBC}") = "QrCodeMobileApp", "QrCodeMobileApp\QrCodeMobileApp.csproj", "{F5C013E1-E9DA-48D7-AF21-D26CD6614E2B}"
EndProject
Global
	GlobalSection(SolutionConfigurationPlatforms) = preSolution
		Debug|Any CPU = Debug|Any CPU
		Debug|iPhone = Debug|iPhone
		Debug|iPhoneSimulator = Debug|iPhoneSimulator
		Release|Any CPU = Release|Any CPU
		Release|iPhone = Release|iPhone
		Release|iPhoneSimulator = Release|iPhoneSimulator
	EndGlobalSection
	GlobalSection(ProjectConfigurationPlatforms) = postSolution
		{13517DCF-4E63-4CC8-9FDD-B3B5CB731FCE}.Debug|Any CPU.ActiveCfg = Debug|Any CPU
		{13517DCF-4E63-4CC8-9FDD-B3B5CB731FCE}.Debug|Any CPU.Build.0 = Debug|Any CPU
		{13517DCF-4E63-4CC8-9FDD-B3B5CB731FCE}.Debug|Any CPU.Deploy.0 = Debug|Any CPU
		{13517DCF-4E63-4CC8-9FDD-B3B5CB731FCE}.Debug|iPhone.ActiveCfg = Debug|Any CPU
		{13517DCF-4E63-4CC8-9FDD-B3B5CB731FCE}.Debug|iPhone.Build.0 = Debug|Any CPU
		{13517DCF-4E63-4CC8-9FDD-B3B5CB731FCE}.Debug|iPhone.Deploy.0 = Debug|Any CPU
		{13517DCF-4E63-4CC8-9FDD-B3B5CB731FCE}.Debug|iPhoneSimulator.ActiveCfg = Debug|Any CPU
		{13517DCF-4E63-4CC8-9FDD-B3B5CB731FCE}.Debug|iPhoneSimulator.Build.0 = Debug|Any CPU
		{13517DCF-4E63-4CC8-9FDD-B3B5CB731FCE}.Debug|iPhoneSimulator.Deploy.0 = Debug|Any CPU
		{13517DCF-4E63-4CC8-9FDD-B3B5CB731FCE}.Release|Any CPU.ActiveCfg = Release|Any CPU
		{13517DCF-4E63-4CC8-9FDD-B3B5CB731FCE}.Release|Any CPU.Build.0 = Release|Any CPU
		{13517DCF-4E63-4CC8-9FDD-B3B5CB731FCE}.Release|Any CPU.Deploy.0 = Release|Any CPU
		{13517DCF-4E63-4CC8-9FDD-B3B5CB731FCE}.Release|iPhone.ActiveCfg = Release|Any CPU
		{13517DCF-4E63-4CC8-9FDD-B3B5CB731FCE}.Release|iPhone.Build.0 = Release|Any CPU
		{13517DCF-4E63-4CC8-9FDD-B3B5CB731FCE}.Release|iPhone.Deploy.0 = Release|Any CPU
		{13517DCF-4E63-4CC8-9FDD-B3B5CB731FCE}.Release|iPhoneSimulator.ActiveCfg = Release|Any CPU
		{13517DCF-4E63-4CC8-9FDD-B3B5CB731FCE}.Release|iPhoneSimulator.Build.0 = Release|Any CPU
		{13517DCF-4E63-4CC8-9FDD-B3B5CB731FCE}.Release|iPhoneSimulator.Deploy.0 = Release|Any CPU
		{F5C013E1-E9DA-48D7-AF21-D26CD6614E2B}.Debug|Any CPU.ActiveCfg = Debug|Any CPU
		{F5C013E1-E9DA-48D7-AF21-D26CD6614E2B}.Debug|Any CPU.Build.0 = Debug|Any CPU
		{F5C013E1-E9DA-48D7-AF21-D26CD6614E2B}.Debug|Any CPU.Deploy.0 = Debug|Any CPU
		{F5C013E1-E9DA-48D7-AF21-D26CD6614E2B}.Debug|iPhone.ActiveCfg = Debug|Any CPU
		{F5C013E1-E9DA-48D7-AF21-D26CD6614E2B}.Debug|iPhone.Build.0 = Debug|Any CPU
		{F5C013E1-E9DA-48D7-AF21-D26CD6614E2B}.Debug|iPhone.Deploy.0 = Debug|Any CPU
		{F5C013E1-E9DA-48D7-AF21-D26CD6614E2B}.Debug|iPhoneSimulator.ActiveCfg = Debug|Any CPU
		{F5C013E1-E9DA-48D7-AF21-D26CD6614E2B}.Debug|iPhoneSimulator.Build.0 = Debug|Any CPU
		{F5C013E1-E9DA-48D7-AF21-D26CD6614E2B}.Debug|iPhoneSimulator.Deploy.0 = Debug|Any CPU
		{F5C013E1-E9DA-48D7-AF21-D26CD6614E2B}.Release|Any CPU.ActiveCfg = Release|Any CPU
		{F5C013E1-E9DA-48D7-AF21-D26CD6614E2B}.Release|Any CPU.Build.0 = Release|Any CPU
		{F5C013E1-E9DA-48D7-AF21-D26CD6614E2B}.Release|Any CPU.Deploy.0 = Release|Any CPU
		{F5C013E1-E9DA-48D7-AF21-D26CD6614E2B}.Release|iPhone.ActiveCfg = Release|Any CPU
		{F5C013E1-E9DA-48D7-AF21-D26CD6614E2B}.Release|iPhone.Build.0 = Release|Any CPU
		{F5C013E1-E9DA-48D7-AF21-D26CD6614E2B}.Release|iPhone.Deploy.0 = Release|Any CPU
		{F5C013E1-E9DA-48D7-AF21-D26CD6614E2B}.Release|iPhoneSimulator.ActiveCfg = Release|Any CPU
		{F5C013E1-E9DA-48D7-AF21-D26CD6614E2B}.Release|iPhoneSimulator.Build.0 = Release|Any CPU
		{F5C013E1-E9DA-48D7-AF21-D26CD6614E2B}.Release|iPhoneSimulator.Deploy.0 = Release|Any CPU
	EndGlobalSection
	GlobalSection(SolutionProperties) = preSolution
		HideSolutionNode = FALSE
	EndGlobalSection
	GlobalSection(ExtensibilityGlobals) = postSolution
		SolutionGuid = {FAF76B80-BCC8-4074-89CB-3430FC40DCFA}
	EndGlobalSection
EndGlobal
